
Microsoft Visual Studio Solution File, Format Version 12.00
# Visual Studio Version 17
VisualStudioVersion = 17.5.33530.505
MinimumVisualStudioVersion = 10.0.40219.1
Project("{FAE04EC0-301F-11D3-BF4B-00C04F79EFBC}") = "MudBlazorThemeGenerator", "MudBlazorThemeGenerator\MudBlazorThemeGenerator.csproj", "{BD8A47E1-19D8-4499-BDC9-5C41D4AC49B9}"
EndProject
Global
	GlobalSection(SolutionConfigurationPlatforms) = preSolution
		Debug|Any CPU = Debug|Any CPU
		Release|Any CPU = Release|Any CPU
	EndGlobalSection
	GlobalSection(ProjectConfigurationPlatforms) = postSolution
		{BD8A47E1-19D8-4499-BDC9-5C41D4AC49B9}.Debug|Any CPU.ActiveCfg = Debug|Any CPU
		{BD8A47E1-19D8-4499-BDC9-5C41D4AC49B9}.Debug|Any CPU.Build.0 = Debug|Any CPU
		{BD8A47E1-19D8-4499-BDC9-5C41D4AC49B9}.Release|Any CPU.ActiveCfg = Release|Any CPU
		{BD8A47E1-19D8-4499-BDC9-5C41D4AC49B9}.Release|Any CPU.Build.0 = Release|Any CPU
	EndGlobalSection
	GlobalSection(SolutionProperties) = preSolution
		HideSolutionNode = FALSE
	EndGlobalSection
	GlobalSection(ExtensibilityGlobals) = postSolution
		SolutionGuid = {314FA8DE-05BD-4964-910F-3A8827A89422}
	EndGlobalSection
EndGlobal
